
Microsoft Visual Studio Solution File, Format Version 12.00
# Visual Studio Version 17
VisualStudioVersion = 17.5.002.0
MinimumVisualStudioVersion = 10.0.40219.1
Project("{9A19103F-16F7-4668-BE54-9A1E7A4F7556}") = "testing", "testing\testing.csproj", "{3185E813-2B39-426A-A11F-DE89A5502AE4}"
EndProject
Project("{9A19103F-16F7-4668-BE54-9A1E7A4F7556}") = "guess", "W2\guess.csproj", "{5723DD11-51C2-4012-9DC6-B57B9EB9A661}"
EndProject
Project("{2150E333-8FDC-42A3-9474-1A3956D46DE8}") = "csharp-prep", "csharp-prep", "{EADFBA31-845D-460C-A8F6-3E5E7B13CD20}"
EndProject
Project("{9A19103F-16F7-4668-BE54-9A1E7A4F7556}") = "Prep1", "csharp-prep\Prep1\Prep1.csproj", "{B2940660-C15A-4464-B0FF-97C45DF3C968}"
EndProject
Project("{9A19103F-16F7-4668-BE54-9A1E7A4F7556}") = "Prep2", "csharp-prep\Prep2\Prep2.csproj", "{1D313175-C65C-4AF3-867F-E0E638CA2325}"
EndProject
Project("{9A19103F-16F7-4668-BE54-9A1E7A4F7556}") = "Prep3", "csharp-prep\Prep3\Prep3.csproj", "{A039326A-FF91-471B-95D2-56A6E72B9918}"
EndProject
Project("{9A19103F-16F7-4668-BE54-9A1E7A4F7556}") = "Prep4", "csharp-prep\Prep4\Prep4.csproj", "{AF98EF3F-5113-4F1D-A859-81CEBDEF3D52}"
EndProject
Project("{9A19103F-16F7-4668-BE54-9A1E7A4F7556}") = "Prep5", "csharp-prep\Prep5\Prep5.csproj", "{4AD487F6-597B-4D4D-82CA-326F0E0D7BD3}"
EndProject
Project("{2150E333-8FDC-42A3-9474-1A3956D46DE8}") = "final", "final", "{03462F81-90D1-4D17-9A41-264DBEDA8A5A}"
EndProject
Project("{9A19103F-16F7-4668-BE54-9A1E7A4F7556}") = "FinalProject", "final\FinalProject\FinalProject.csproj", "{E23E55EB-E347-46E3-9CA1-2306C8A2E4C6}"
EndProject
Project("{9A19103F-16F7-4668-BE54-9A1E7A4F7556}") = "Foundation1", "final\Foundation1\Foundation1.csproj", "{C7328C22-EECA-46B5-8782-DD348C93C35F}"
EndProject
Project("{9A19103F-16F7-4668-BE54-9A1E7A4F7556}") = "Foundation2", "final\Foundation2\Foundation2.csproj", "{E899D22C-2C4F-4F20-9C21-6DE427A269DD}"
EndProject
Project("{9A19103F-16F7-4668-BE54-9A1E7A4F7556}") = "Foundation3", "final\Foundation3\Foundation3.csproj", "{8E07B160-02C4-481F-8C44-FB7B48A5E672}"
EndProject
Project("{9A19103F-16F7-4668-BE54-9A1E7A4F7556}") = "Foundation4", "final\Foundation4\Foundation4.csproj", "{99B4FE3D-6482-4003-B14A-F75F338EBEB6}"
EndProject
Project("{2150E333-8FDC-42A3-9474-1A3956D46DE8}") = "prepare", "prepare", "{F1E63E45-EA97-4729-9ED8-7E0295CEDFC3}"
EndProject
Project("{9A19103F-16F7-4668-BE54-9A1E7A4F7556}") = "Learning02", "prepare\Learning02\Learning02.csproj", "{A3660BE5-0923-46A1-B577-A8DF5F40B3FD}"
EndProject
Project("{9A19103F-16F7-4668-BE54-9A1E7A4F7556}") = "Learning03", "prepare\Learning03\Learning03.csproj", "{DEF4D0CF-30AD-40D0-8B32-185C693F2295}"
EndProject
Project("{9A19103F-16F7-4668-BE54-9A1E7A4F7556}") = "Learning04", "prepare\Learning04\Learning04.csproj", "{C9B08505-8D12-4923-94EA-D063150E97C0}"
EndProject
Project("{9A19103F-16F7-4668-BE54-9A1E7A4F7556}") = "Learning05", "prepare\Learning05\Learning05.csproj", "{AA9F94F6-863C-4278-85DC-ECC45E145473}"
EndProject
Project("{2150E333-8FDC-42A3-9474-1A3956D46DE8}") = "prove", "prove", "{2575ABD5-8AC8-4FCD-8204-BEF907D3076C}"
EndProject
Project("{9A19103F-16F7-4668-BE54-9A1E7A4F7556}") = "Develop02", "prove\Develop02\Develop02.csproj", "{53E150D3-2EFA-4D5A-AC1C-9E88997753E0}"
EndProject
Project("{9A19103F-16F7-4668-BE54-9A1E7A4F7556}") = "Develop03", "prove\Develop03\Develop03.csproj", "{8863DADA-61E3-4E6F-BEEC-2FA443BD8FD9}"
EndProject
Project("{9A19103F-16F7-4668-BE54-9A1E7A4F7556}") = "Develop04", "prove\Develop04\Develop04.csproj", "{1A0B6851-CB4F-45ED-AE3B-F6C86D9752A1}"
EndProject
Project("{9A19103F-16F7-4668-BE54-9A1E7A4F7556}") = "Develop05", "prove\Develop05\Develop05.csproj", "{1F16FD44-A451-4446-B292-C218505D2E8C}"
EndProject
Project("{2150E333-8FDC-42A3-9474-1A3956D46DE8}") = "sandbox", "sandbox", "{59670ADA-8F54-4468-BF5A-C881D545CEC7}"
EndProject
Project("{9A19103F-16F7-4668-BE54-9A1E7A4F7556}") = "Sandbox", "sandbox\Sandbox\Sandbox.csproj", "{ADA54A34-C050-4F03-9817-BC97AD68DF93}"
EndProject
Global
	GlobalSection(SolutionConfigurationPlatforms) = preSolution
		Debug|Any CPU = Debug|Any CPU
		Release|Any CPU = Release|Any CPU
	EndGlobalSection
	GlobalSection(ProjectConfigurationPlatforms) = postSolution
		{3185E813-2B39-426A-A11F-DE89A5502AE4}.Debug|Any CPU.ActiveCfg = Debug|Any CPU
		{3185E813-2B39-426A-A11F-DE89A5502AE4}.Debug|Any CPU.Build.0 = Debug|Any CPU
		{3185E813-2B39-426A-A11F-DE89A5502AE4}.Release|Any CPU.ActiveCfg = Release|Any CPU
		{3185E813-2B39-426A-A11F-DE89A5502AE4}.Release|Any CPU.Build.0 = Release|Any CPU
		{5723DD11-51C2-4012-9DC6-B57B9EB9A661}.Debug|Any CPU.ActiveCfg = Debug|Any CPU
		{5723DD11-51C2-4012-9DC6-B57B9EB9A661}.Debug|Any CPU.Build.0 = Debug|Any CPU
		{5723DD11-51C2-4012-9DC6-B57B9EB9A661}.Release|Any CPU.ActiveCfg = Release|Any CPU
		{5723DD11-51C2-4012-9DC6-B57B9EB9A661}.Release|Any CPU.Build.0 = Release|Any CPU
		{B2940660-C15A-4464-B0FF-97C45DF3C968}.Debug|Any CPU.ActiveCfg = Debug|Any CPU
		{B2940660-C15A-4464-B0FF-97C45DF3C968}.Debug|Any CPU.Build.0 = Debug|Any CPU
		{B2940660-C15A-4464-B0FF-97C45DF3C968}.Release|Any CPU.ActiveCfg = Release|Any CPU
		{B2940660-C15A-4464-B0FF-97C45DF3C968}.Release|Any CPU.Build.0 = Release|Any CPU
		{1D313175-C65C-4AF3-867F-E0E638CA2325}.Debug|Any CPU.ActiveCfg = Debug|Any CPU
		{1D313175-C65C-4AF3-867F-E0E638CA2325}.Debug|Any CPU.Build.0 = Debug|Any CPU
		{1D313175-C65C-4AF3-867F-E0E638CA2325}.Release|Any CPU.ActiveCfg = Release|Any CPU
		{1D313175-C65C-4AF3-867F-E0E638CA2325}.Release|Any CPU.Build.0 = Release|Any CPU
		{A039326A-FF91-471B-95D2-56A6E72B9918}.Debug|Any CPU.ActiveCfg = Debug|Any CPU
		{A039326A-FF91-471B-95D2-56A6E72B9918}.Debug|Any CPU.Build.0 = Debug|Any CPU
		{A039326A-FF91-471B-95D2-56A6E72B9918}.Release|Any CPU.ActiveCfg = Release|Any CPU
		{A039326A-FF91-471B-95D2-56A6E72B9918}.Release|Any CPU.Build.0 = Release|Any CPU
		{AF98EF3F-5113-4F1D-A859-81CEBDEF3D52}.Debug|Any CPU.ActiveCfg = Debug|Any CPU
		{AF98EF3F-5113-4F1D-A859-81CEBDEF3D52}.Debug|Any CPU.Build.0 = Debug|Any CPU
		{AF98EF3F-5113-4F1D-A859-81CEBDEF3D52}.Release|Any CPU.ActiveCfg = Release|Any CPU
		{AF98EF3F-5113-4F1D-A859-81CEBDEF3D52}.Release|Any CPU.Build.0 = Release|Any CPU
		{4AD487F6-597B-4D4D-82CA-326F0E0D7BD3}.Debug|Any CPU.ActiveCfg = Debug|Any CPU
		{4AD487F6-597B-4D4D-82CA-326F0E0D7BD3}.Debug|Any CPU.Build.0 = Debug|Any CPU
		{4AD487F6-597B-4D4D-82CA-326F0E0D7BD3}.Release|Any CPU.ActiveCfg = Release|Any CPU
		{4AD487F6-597B-4D4D-82CA-326F0E0D7BD3}.Release|Any CPU.Build.0 = Release|Any CPU
		{E23E55EB-E347-46E3-9CA1-2306C8A2E4C6}.Debug|Any CPU.ActiveCfg = Debug|Any CPU
		{E23E55EB-E347-46E3-9CA1-2306C8A2E4C6}.Debug|Any CPU.Build.0 = Debug|Any CPU
		{E23E55EB-E347-46E3-9CA1-2306C8A2E4C6}.Release|Any CPU.ActiveCfg = Release|Any CPU
		{E23E55EB-E347-46E3-9CA1-2306C8A2E4C6}.Release|Any CPU.Build.0 = Release|Any CPU
		{C7328C22-EECA-46B5-8782-DD348C93C35F}.Debug|Any CPU.ActiveCfg = Debug|Any CPU
		{C7328C22-EECA-46B5-8782-DD348C93C35F}.Debug|Any CPU.Build.0 = Debug|Any CPU
		{C7328C22-EECA-46B5-8782-DD348C93C35F}.Release|Any CPU.ActiveCfg = Release|Any CPU
		{C7328C22-EECA-46B5-8782-DD348C93C35F}.Release|Any CPU.Build.0 = Release|Any CPU
		{E899D22C-2C4F-4F20-9C21-6DE427A269DD}.Debug|Any CPU.ActiveCfg = Debug|Any CPU
		{E899D22C-2C4F-4F20-9C21-6DE427A269DD}.Debug|Any CPU.Build.0 = Debug|Any CPU
		{E899D22C-2C4F-4F20-9C21-6DE427A269DD}.Release|Any CPU.ActiveCfg = Release|Any CPU
		{E899D22C-2C4F-4F20-9C21-6DE427A269DD}.Release|Any CPU.Build.0 = Release|Any CPU
		{8E07B160-02C4-481F-8C44-FB7B48A5E672}.Debug|Any CPU.ActiveCfg = Debug|Any CPU
		{8E07B160-02C4-481F-8C44-FB7B48A5E672}.Debug|Any CPU.Build.0 = Debug|Any CPU
		{8E07B160-02C4-481F-8C44-FB7B48A5E672}.Release|Any CPU.ActiveCfg = Release|Any CPU
		{8E07B160-02C4-481F-8C44-FB7B48A5E672}.Release|Any CPU.Build.0 = Release|Any CPU
		{99B4FE3D-6482-4003-B14A-F75F338EBEB6}.Debug|Any CPU.ActiveCfg = Debug|Any CPU
		{99B4FE3D-6482-4003-B14A-F75F338EBEB6}.Debug|Any CPU.Build.0 = Debug|Any CPU
		{99B4FE3D-6482-4003-B14A-F75F338EBEB6}.Release|Any CPU.ActiveCfg = Release|Any CPU
		{99B4FE3D-6482-4003-B14A-F75F338EBEB6}.Release|Any CPU.Build.0 = Release|Any CPU
		{A3660BE5-0923-46A1-B577-A8DF5F40B3FD}.Debug|Any CPU.ActiveCfg = Debug|Any CPU
		{A3660BE5-0923-46A1-B577-A8DF5F40B3FD}.Debug|Any CPU.Build.0 = Debug|Any CPU
		{A3660BE5-0923-46A1-B577-A8DF5F40B3FD}.Release|Any CPU.ActiveCfg = Release|Any CPU
		{A3660BE5-0923-46A1-B577-A8DF5F40B3FD}.Release|Any CPU.Build.0 = Release|Any CPU
		{DEF4D0CF-30AD-40D0-8B32-185C693F2295}.Debug|Any CPU.ActiveCfg = Debug|Any CPU
		{DEF4D0CF-30AD-40D0-8B32-185C693F2295}.Debug|Any CPU.Build.0 = Debug|Any CPU
		{DEF4D0CF-30AD-40D0-8B32-185C693F2295}.Release|Any CPU.ActiveCfg = Release|Any CPU
		{DEF4D0CF-30AD-40D0-8B32-185C693F2295}.Release|Any CPU.Build.0 = Release|Any CPU
		{C9B08505-8D12-4923-94EA-D063150E97C0}.Debug|Any CPU.ActiveCfg = Debug|Any CPU
		{C9B08505-8D12-4923-94EA-D063150E97C0}.Debug|Any CPU.Build.0 = Debug|Any CPU
		{C9B08505-8D12-4923-94EA-D063150E97C0}.Release|Any CPU.ActiveCfg = Release|Any CPU
		{C9B08505-8D12-4923-94EA-D063150E97C0}.Release|Any CPU.Build.0 = Release|Any CPU
		{AA9F94F6-863C-4278-85DC-ECC45E145473}.Debug|Any CPU.ActiveCfg = Debug|Any CPU
		{AA9F94F6-863C-4278-85DC-ECC45E145473}.Debug|Any CPU.Build.0 = Debug|Any CPU
		{AA9F94F6-863C-4278-85DC-ECC45E145473}.Release|Any CPU.ActiveCfg = Release|Any CPU
		{AA9F94F6-863C-4278-85DC-ECC45E145473}.Release|Any CPU.Build.0 = Release|Any CPU
		{53E150D3-2EFA-4D5A-AC1C-9E88997753E0}.Debug|Any CPU.ActiveCfg = Debug|Any CPU
		{53E150D3-2EFA-4D5A-AC1C-9E88997753E0}.Debug|Any CPU.Build.0 = Debug|Any CPU
		{53E150D3-2EFA-4D5A-AC1C-9E88997753E0}.Release|Any CPU.ActiveCfg = Release|Any CPU
		{53E150D3-2EFA-4D5A-AC1C-9E88997753E0}.Release|Any CPU.Build.0 = Release|Any CPU
		{8863DADA-61E3-4E6F-BEEC-2FA443BD8FD9}.Debug|Any CPU.ActiveCfg = Debug|Any CPU
		{8863DADA-61E3-4E6F-BEEC-2FA443BD8FD9}.Debug|Any CPU.Build.0 = Debug|Any CPU
		{8863DADA-61E3-4E6F-BEEC-2FA443BD8FD9}.Release|Any CPU.ActiveCfg = Release|Any CPU
		{8863DADA-61E3-4E6F-BEEC-2FA443BD8FD9}.Release|Any CPU.Build.0 = Release|Any CPU
		{1A0B6851-CB4F-45ED-AE3B-F6C86D9752A1}.Debug|Any CPU.ActiveCfg = Debug|Any CPU
		{1A0B6851-CB4F-45ED-AE3B-F6C86D9752A1}.Debug|Any CPU.Build.0 = Debug|Any CPU
		{1A0B6851-CB4F-45ED-AE3B-F6C86D9752A1}.Release|Any CPU.ActiveCfg = Release|Any CPU
		{1A0B6851-CB4F-45ED-AE3B-F6C86D9752A1}.Release|Any CPU.Build.0 = Release|Any CPU
		{1F16FD44-A451-4446-B292-C218505D2E8C}.Debug|Any CPU.ActiveCfg = Debug|Any CPU
		{1F16FD44-A451-4446-B292-C218505D2E8C}.Debug|Any CPU.Build.0 = Debug|Any CPU
		{1F16FD44-A451-4446-B292-C218505D2E8C}.Release|Any CPU.ActiveCfg = Release|Any CPU
		{1F16FD44-A451-4446-B292-C218505D2E8C}.Release|Any CPU.Build.0 = Release|Any CPU
		{ADA54A34-C050-4F03-9817-BC97AD68DF93}.Debug|Any CPU.ActiveCfg = Debug|Any CPU
		{ADA54A34-C050-4F03-9817-BC97AD68DF93}.Debug|Any CPU.Build.0 = Debug|Any CPU
		{ADA54A34-C050-4F03-9817-BC97AD68DF93}.Release|Any CPU.ActiveCfg = Release|Any CPU
		{ADA54A34-C050-4F03-9817-BC97AD68DF93}.Release|Any CPU.Build.0 = Release|Any CPU
	EndGlobalSection
	GlobalSection(SolutionProperties) = preSolution
		HideSolutionNode = FALSE
	EndGlobalSection
	GlobalSection(NestedProjects) = preSolution
		{B2940660-C15A-4464-B0FF-97C45DF3C968} = {EADFBA31-845D-460C-A8F6-3E5E7B13CD20}
		{1D313175-C65C-4AF3-867F-E0E638CA2325} = {EADFBA31-845D-460C-A8F6-3E5E7B13CD20}
		{A039326A-FF91-471B-95D2-56A6E72B9918} = {EADFBA31-845D-460C-A8F6-3E5E7B13CD20}
		{AF98EF3F-5113-4F1D-A859-81CEBDEF3D52} = {EADFBA31-845D-460C-A8F6-3E5E7B13CD20}
		{4AD487F6-597B-4D4D-82CA-326F0E0D7BD3} = {EADFBA31-845D-460C-A8F6-3E5E7B13CD20}
		{E23E55EB-E347-46E3-9CA1-2306C8A2E4C6} = {03462F81-90D1-4D17-9A41-264DBEDA8A5A}
		{C7328C22-EECA-46B5-8782-DD348C93C35F} = {03462F81-90D1-4D17-9A41-264DBEDA8A5A}
		{E899D22C-2C4F-4F20-9C21-6DE427A269DD} = {03462F81-90D1-4D17-9A41-264DBEDA8A5A}
		{8E07B160-02C4-481F-8C44-FB7B48A5E672} = {03462F81-90D1-4D17-9A41-264DBEDA8A5A}
		{99B4FE3D-6482-4003-B14A-F75F338EBEB6} = {03462F81-90D1-4D17-9A41-264DBEDA8A5A}
		{A3660BE5-0923-46A1-B577-A8DF5F40B3FD} = {F1E63E45-EA97-4729-9ED8-7E0295CEDFC3}
		{DEF4D0CF-30AD-40D0-8B32-185C693F2295} = {F1E63E45-EA97-4729-9ED8-7E0295CEDFC3}
		{C9B08505-8D12-4923-94EA-D063150E97C0} = {F1E63E45-EA97-4729-9ED8-7E0295CEDFC3}
		{AA9F94F6-863C-4278-85DC-ECC45E145473} = {F1E63E45-EA97-4729-9ED8-7E0295CEDFC3}
		{53E150D3-2EFA-4D5A-AC1C-9E88997753E0} = {2575ABD5-8AC8-4FCD-8204-BEF907D3076C}
		{8863DADA-61E3-4E6F-BEEC-2FA443BD8FD9} = {2575ABD5-8AC8-4FCD-8204-BEF907D3076C}
		{1A0B6851-CB4F-45ED-AE3B-F6C86D9752A1} = {2575ABD5-8AC8-4FCD-8204-BEF907D3076C}
		{1F16FD44-A451-4446-B292-C218505D2E8C} = {2575ABD5-8AC8-4FCD-8204-BEF907D3076C}
		{ADA54A34-C050-4F03-9817-BC97AD68DF93} = {59670ADA-8F54-4468-BF5A-C881D545CEC7}
	EndGlobalSection
	GlobalSection(ExtensibilityGlobals) = postSolution
		SolutionGuid = {7E33A009-FFE7-4C4A-842E-F032F25A4F6D}
	EndGlobalSection
EndGlobal
